
Microsoft Visual Studio Solution File, Format Version 12.00
# Visual Studio Version 17
VisualStudioVersion = 17.5.33424.131
MinimumVisualStudioVersion = 10.0.40219.1
Project("{8BC9CEB8-8B4A-11D0-8D11-00A0C91BC942}") = "Pointer", "Pointer\Pointer.vcxproj", "{910A350C-093E-4CBB-8F7A-0217C4ECC1EE}"
EndProject
Project("{8BC9CEB8-8B4A-11D0-8D11-00A0C91BC942}") = "Pointer2", "Pointer2\Pointer2.vcxproj", "{2C645673-2378-4060-A1DB-9DB2FA483FAE}"
EndProject
Project("{8BC9CEB8-8B4A-11D0-8D11-00A0C91BC942}") = "Friendclass", "Friendclass\Friendclass.vcxproj", "{95531E24-7FED-4A08-9D7A-F1A688A75AD5}"
EndProject
Project("{8BC9CEB8-8B4A-11D0-8D11-00A0C91BC942}") = "Friendclass2", "Friendclass2\Friendclass2.vcxproj", "{9230FD1F-77C6-45D5-86FE-EDC1B609AA66}"
EndProject
Project("{8BC9CEB8-8B4A-11D0-8D11-00A0C91BC942}") = "Friendclass3", "Friendclass3\Friendclass3.vcxproj", "{4D0AE615-8D6F-446D-BE9F-8D1C69B2FBF0}"
EndProject
Global
	GlobalSection(SolutionConfigurationPlatforms) = preSolution
		Debug|x64 = Debug|x64
		Debug|x86 = Debug|x86
		Release|x64 = Release|x64
		Release|x86 = Release|x86
	EndGlobalSection
	GlobalSection(ProjectConfigurationPlatforms) = postSolution
		{910A350C-093E-4CBB-8F7A-0217C4ECC1EE}.Debug|x64.ActiveCfg = Debug|x64
		{910A350C-093E-4CBB-8F7A-0217C4ECC1EE}.Debug|x64.Build.0 = Debug|x64
		{910A350C-093E-4CBB-8F7A-0217C4ECC1EE}.Debug|x86.ActiveCfg = Debug|Win32
		{910A350C-093E-4CBB-8F7A-0217C4ECC1EE}.Debug|x86.Build.0 = Debug|Win32
		{910A350C-093E-4CBB-8F7A-0217C4ECC1EE}.Release|x64.ActiveCfg = Release|x64
		{910A350C-093E-4CBB-8F7A-0217C4ECC1EE}.Release|x64.Build.0 = Release|x64
		{910A350C-093E-4CBB-8F7A-0217C4ECC1EE}.Release|x86.ActiveCfg = Release|Win32
		{910A350C-093E-4CBB-8F7A-0217C4ECC1EE}.Release|x86.Build.0 = Release|Win32
		{2C645673-2378-4060-A1DB-9DB2FA483FAE}.Debug|x64.ActiveCfg = Debug|x64
		{2C645673-2378-4060-A1DB-9DB2FA483FAE}.Debug|x64.Build.0 = Debug|x64
		{2C645673-2378-4060-A1DB-9DB2FA483FAE}.Debug|x86.ActiveCfg = Debug|Win32
		{2C645673-2378-4060-A1DB-9DB2FA483FAE}.Debug|x86.Build.0 = Debug|Win32
		{2C645673-2378-4060-A1DB-9DB2FA483FAE}.Release|x64.ActiveCfg = Release|x64
		{2C645673-2378-4060-A1DB-9DB2FA483FAE}.Release|x64.Build.0 = Release|x64
		{2C645673-2378-4060-A1DB-9DB2FA483FAE}.Release|x86.ActiveCfg = Release|Win32
		{2C645673-2378-4060-A1DB-9DB2FA483FAE}.Release|x86.Build.0 = Release|Win32
		{95531E24-7FED-4A08-9D7A-F1A688A75AD5}.Debug|x64.ActiveCfg = Debug|x64
		{95531E24-7FED-4A08-9D7A-F1A688A75AD5}.Debug|x64.Build.0 = Debug|x64
		{95531E24-7FED-4A08-9D7A-F1A688A75AD5}.Debug|x86.ActiveCfg = Debug|Win32
		{95531E24-7FED-4A08-9D7A-F1A688A75AD5}.Debug|x86.Build.0 = Debug|Win32
		{95531E24-7FED-4A08-9D7A-F1A688A75AD5}.Release|x64.ActiveCfg = Release|x64
		{95531E24-7FED-4A08-9D7A-F1A688A75AD5}.Release|x64.Build.0 = Release|x64
		{95531E24-7FED-4A08-9D7A-F1A688A75AD5}.Release|x86.ActiveCfg = Release|Win32
		{95531E24-7FED-4A08-9D7A-F1A688A75AD5}.Release|x86.Build.0 = Release|Win32
		{9230FD1F-77C6-45D5-86FE-EDC1B609AA66}.Debug|x64.ActiveCfg = Debug|x64
		{9230FD1F-77C6-45D5-86FE-EDC1B609AA66}.Debug|x64.Build.0 = Debug|x64
		{9230FD1F-77C6-45D5-86FE-EDC1B609AA66}.Debug|x86.ActiveCfg = Debug|Win32
		{9230FD1F-77C6-45D5-86FE-EDC1B609AA66}.Debug|x86.Build.0 = Debug|Win32
		{9230FD1F-77C6-45D5-86FE-EDC1B609AA66}.Release|x64.ActiveCfg = Release|x64
		{9230FD1F-77C6-45D5-86FE-EDC1B609AA66}.Release|x64.Build.0 = Release|x64
		{9230FD1F-77C6-45D5-86FE-EDC1B609AA66}.Release|x86.ActiveCfg = Release|Win32
		{9230FD1F-77C6-45D5-86FE-EDC1B609AA66}.Release|x86.Build.0 = Release|Win32
		{4D0AE615-8D6F-446D-BE9F-8D1C69B2FBF0}.Debug|x64.ActiveCfg = Debug|x64
		{4D0AE615-8D6F-446D-BE9F-8D1C69B2FBF0}.Debug|x64.Build.0 = Debug|x64
		{4D0AE615-8D6F-446D-BE9F-8D1C69B2FBF0}.Debug|x86.ActiveCfg = Debug|Win32
		{4D0AE615-8D6F-446D-BE9F-8D1C69B2FBF0}.Debug|x86.Build.0 = Debug|Win32
		{4D0AE615-8D6F-446D-BE9F-8D1C69B2FBF0}.Release|x64.ActiveCfg = Release|x64
		{4D0AE615-8D6F-446D-BE9F-8D1C69B2FBF0}.Release|x64.Build.0 = Release|x64
		{4D0AE615-8D6F-446D-BE9F-8D1C69B2FBF0}.Release|x86.ActiveCfg = Release|Win32
		{4D0AE615-8D6F-446D-BE9F-8D1C69B2FBF0}.Release|x86.Build.0 = Release|Win32
	EndGlobalSection
	GlobalSection(SolutionProperties) = preSolution
		HideSolutionNode = FALSE
	EndGlobalSection
	GlobalSection(ExtensibilityGlobals) = postSolution
		SolutionGuid = {DF630C47-A4C2-4061-891E-898D124E9704}
	EndGlobalSection
EndGlobal
